// !$*UTF8*$!
{
	archiveVersion = 1;
	classes = {
	};
	objectVersion = 51;
	objects = {

/* Begin PBXBuildFile section */
		4AE1AD90FB1C34B128C2D5EC /* Pods_Umbriel_UmbrielUITests.framework in Frameworks */ = {isa = PBXBuildFile; fileRef = 10DCE73CB2881838687266B4 /* Pods_Umbriel_UmbrielUITests.framework */; };
		940D025F247D5C1D00E17095 /* AppDelegate.swift in Sources */ = {isa = PBXBuildFile; fileRef = 940D025E247D5C1D00E17095 /* AppDelegate.swift */; };
		940D0261247D5C1D00E17095 /* SceneDelegate.swift in Sources */ = {isa = PBXBuildFile; fileRef = 940D0260247D5C1D00E17095 /* SceneDelegate.swift */; };
		940D0264247D5C1D00E17095 /* Umbriel.xcdatamodeld in Sources */ = {isa = PBXBuildFile; fileRef = 940D0262247D5C1D00E17095 /* Umbriel.xcdatamodeld */; };
		940D0266247D5C1D00E17095 /* ContentView.swift in Sources */ = {isa = PBXBuildFile; fileRef = 940D0265247D5C1D00E17095 /* ContentView.swift */; };
		940D0268247D5C1E00E17095 /* Assets.xcassets in Resources */ = {isa = PBXBuildFile; fileRef = 940D0267247D5C1E00E17095 /* Assets.xcassets */; };
		940D026B247D5C1E00E17095 /* Preview Assets.xcassets in Resources */ = {isa = PBXBuildFile; fileRef = 940D026A247D5C1E00E17095 /* Preview Assets.xcassets */; };
		940D026E247D5C1E00E17095 /* LaunchScreen.storyboard in Resources */ = {isa = PBXBuildFile; fileRef = 940D026C247D5C1E00E17095 /* LaunchScreen.storyboard */; };
		940D0279247D5C1E00E17095 /* UmbrielTests.swift in Sources */ = {isa = PBXBuildFile; fileRef = 940D0278247D5C1E00E17095 /* UmbrielTests.swift */; };
		940D0284247D5C1E00E17095 /* UmbrielUITests.swift in Sources */ = {isa = PBXBuildFile; fileRef = 940D0283247D5C1E00E17095 /* UmbrielUITests.swift */; };
		9422B16E24E7FA0B00587C1D /* StoreKit.framework in Frameworks */ = {isa = PBXBuildFile; fileRef = 9422B16D24E7FA0B00587C1D /* StoreKit.framework */; };
		9433503A24A8A37500EBC680 /* PasswordGeneratorView.swift in Sources */ = {isa = PBXBuildFile; fileRef = 9433503924A8A37500EBC680 /* PasswordGeneratorView.swift */; };
		943981DA24ED28C000266089 /* Haptics.swift in Sources */ = {isa = PBXBuildFile; fileRef = 943981D924ED28C000266089 /* Haptics.swift */; };
		9440580824F2B72600EEFD1A /* iPadLaunchScreeen.storyboard in Resources */ = {isa = PBXBuildFile; fileRef = 9440580724F2B72600EEFD1A /* iPadLaunchScreeen.storyboard */; };
		9440580C24F2BADB00EEFD1A /* MailView.swift in Sources */ = {isa = PBXBuildFile; fileRef = 9440580B24F2BADB00EEFD1A /* MailView.swift */; };
		944B2D8924D9A17200B4D60F /* PasswordDetailView.swift in Sources */ = {isa = PBXBuildFile; fileRef = 944B2D8824D9A17200B4D60F /* PasswordDetailView.swift */; };
		9491406024D84F05005785E2 /* CloudKit.framework in Frameworks */ = {isa = PBXBuildFile; fileRef = 9491405F24D84F05005785E2 /* CloudKit.framework */; };
		9492157924A6019600E6F956 /* InfoView.swift in Sources */ = {isa = PBXBuildFile; fileRef = 9492157824A6019600E6F956 /* InfoView.swift */; };
		94B3630724CB1A6C005C67A3 /* VaultView.swift in Sources */ = {isa = PBXBuildFile; fileRef = 94B3630624CB1A6C005C67A3 /* VaultView.swift */; };
		94B3630924CB27CD005C67A3 /* VaultExtensions.swift in Sources */ = {isa = PBXBuildFile; fileRef = 94B3630824CB27CD005C67A3 /* VaultExtensions.swift */; };
		94C2563B24F11A1B0093F491 /* NotificationBannerView.swift in Sources */ = {isa = PBXBuildFile; fileRef = 94C2563A24F11A1B0093F491 /* NotificationBannerView.swift */; };
		94E774C32497D6D100F15797 /* PasswordStrengthLogic.swift in Sources */ = {isa = PBXBuildFile; fileRef = 94E774C22497D6D100F15797 /* PasswordStrengthLogic.swift */; };
		94FAF6C9249230E200E2E6A2 /* WaveView.swift in Sources */ = {isa = PBXBuildFile; fileRef = 94FAF6C8249230E200E2E6A2 /* WaveView.swift */; };
		B5408CF64E819128ECDB8A30 /* Pods_UmbrielTests.framework in Frameworks */ = {isa = PBXBuildFile; fileRef = 3BFFD56E9AD6AB5B77C3DE0E /* Pods_UmbrielTests.framework */; };
		E1AAD7EBE5BDE20C277104F1 /* Pods_Umbriel.framework in Frameworks */ = {isa = PBXBuildFile; fileRef = 432F8428075ECB0A398DE06A /* Pods_Umbriel.framework */; };
/* End PBXBuildFile section */

/* Begin PBXContainerItemProxy section */
		940D0275247D5C1E00E17095 /* PBXContainerItemProxy */ = {
			isa = PBXContainerItemProxy;
			containerPortal = 940D0253247D5C1D00E17095 /* Project object */;
			proxyType = 1;
			remoteGlobalIDString = 940D025A247D5C1D00E17095;
			remoteInfo = Umbriel;
		};
		940D0280247D5C1E00E17095 /* PBXContainerItemProxy */ = {
			isa = PBXContainerItemProxy;
			containerPortal = 940D0253247D5C1D00E17095 /* Project object */;
			proxyType = 1;
			remoteGlobalIDString = 940D025A247D5C1D00E17095;
			remoteInfo = Umbriel;
		};
/* End PBXContainerItemProxy section */

/* Begin PBXFileReference section */
		10DCE73CB2881838687266B4 /* Pods_Umbriel_UmbrielUITests.framework */ = {isa = PBXFileReference; explicitFileType = wrapper.framework; includeInIndex = 0; path = Pods_Umbriel_UmbrielUITests.framework; sourceTree = BUILT_PRODUCTS_DIR; };
		1A96C1C9D209603B7BA25700 /* Pods-UmbrielTests.debug.xcconfig */ = {isa = PBXFileReference; includeInIndex = 1; lastKnownFileType = text.xcconfig; name = "Pods-UmbrielTests.debug.xcconfig"; path = "Target Support Files/Pods-UmbrielTests/Pods-UmbrielTests.debug.xcconfig"; sourceTree = "<group>"; };
		21A270936CCB2357215FC818 /* Pods-UmbrielTests.release.xcconfig */ = {isa = PBXFileReference; includeInIndex = 1; lastKnownFileType = text.xcconfig; name = "Pods-UmbrielTests.release.xcconfig"; path = "Target Support Files/Pods-UmbrielTests/Pods-UmbrielTests.release.xcconfig"; sourceTree = "<group>"; };
		3BFFD56E9AD6AB5B77C3DE0E /* Pods_UmbrielTests.framework */ = {isa = PBXFileReference; explicitFileType = wrapper.framework; includeInIndex = 0; path = Pods_UmbrielTests.framework; sourceTree = BUILT_PRODUCTS_DIR; };
		432F8428075ECB0A398DE06A /* Pods_Umbriel.framework */ = {isa = PBXFileReference; explicitFileType = wrapper.framework; includeInIndex = 0; path = Pods_Umbriel.framework; sourceTree = BUILT_PRODUCTS_DIR; };
		6BBBCFF6986CF3AC7A0E717A /* Pods-Umbriel.debug.xcconfig */ = {isa = PBXFileReference; includeInIndex = 1; lastKnownFileType = text.xcconfig; name = "Pods-Umbriel.debug.xcconfig"; path = "Target Support Files/Pods-Umbriel/Pods-Umbriel.debug.xcconfig"; sourceTree = "<group>"; };
		7CBA628DDC1F7C49A3D7389B /* Pods-Umbriel-UmbrielUITests.debug.xcconfig */ = {isa = PBXFileReference; includeInIndex = 1; lastKnownFileType = text.xcconfig; name = "Pods-Umbriel-UmbrielUITests.debug.xcconfig"; path = "Target Support Files/Pods-Umbriel-UmbrielUITests/Pods-Umbriel-UmbrielUITests.debug.xcconfig"; sourceTree = "<group>"; };
		940D025B247D5C1D00E17095 /* Umbriel.app */ = {isa = PBXFileReference; explicitFileType = wrapper.application; includeInIndex = 0; path = Umbriel.app; sourceTree = BUILT_PRODUCTS_DIR; };
		940D025E247D5C1D00E17095 /* AppDelegate.swift */ = {isa = PBXFileReference; lastKnownFileType = sourcecode.swift; path = AppDelegate.swift; sourceTree = "<group>"; };
		940D0260247D5C1D00E17095 /* SceneDelegate.swift */ = {isa = PBXFileReference; lastKnownFileType = sourcecode.swift; path = SceneDelegate.swift; sourceTree = "<group>"; };
		940D0263247D5C1D00E17095 /* Umbriel.xcdatamodel */ = {isa = PBXFileReference; lastKnownFileType = wrapper.xcdatamodel; path = Umbriel.xcdatamodel; sourceTree = "<group>"; };
		940D0265247D5C1D00E17095 /* ContentView.swift */ = {isa = PBXFileReference; lastKnownFileType = sourcecode.swift; path = ContentView.swift; sourceTree = "<group>"; };
		940D0267247D5C1E00E17095 /* Assets.xcassets */ = {isa = PBXFileReference; lastKnownFileType = folder.assetcatalog; path = Assets.xcassets; sourceTree = "<group>"; };
		940D026A247D5C1E00E17095 /* Preview Assets.xcassets */ = {isa = PBXFileReference; lastKnownFileType = folder.assetcatalog; path = "Preview Assets.xcassets"; sourceTree = "<group>"; };
		940D026D247D5C1E00E17095 /* Base */ = {isa = PBXFileReference; lastKnownFileType = file.storyboard; name = Base; path = Base.lproj/LaunchScreen.storyboard; sourceTree = "<group>"; };
		940D026F247D5C1E00E17095 /* Info.plist */ = {isa = PBXFileReference; lastKnownFileType = text.plist.xml; path = Info.plist; sourceTree = "<group>"; };
		940D0274247D5C1E00E17095 /* UmbrielTests.xctest */ = {isa = PBXFileReference; explicitFileType = wrapper.cfbundle; includeInIndex = 0; path = UmbrielTests.xctest; sourceTree = BUILT_PRODUCTS_DIR; };
		940D0278247D5C1E00E17095 /* UmbrielTests.swift */ = {isa = PBXFileReference; lastKnownFileType = sourcecode.swift; path = UmbrielTests.swift; sourceTree = "<group>"; };
		940D027A247D5C1E00E17095 /* Info.plist */ = {isa = PBXFileReference; lastKnownFileType = text.plist.xml; path = Info.plist; sourceTree = "<group>"; };
		940D027F247D5C1E00E17095 /* UmbrielUITests.xctest */ = {isa = PBXFileReference; explicitFileType = wrapper.cfbundle; includeInIndex = 0; path = UmbrielUITests.xctest; sourceTree = BUILT_PRODUCTS_DIR; };
		940D0283247D5C1E00E17095 /* UmbrielUITests.swift */ = {isa = PBXFileReference; lastKnownFileType = sourcecode.swift; path = UmbrielUITests.swift; sourceTree = "<group>"; };
		940D0285247D5C1E00E17095 /* Info.plist */ = {isa = PBXFileReference; lastKnownFileType = text.plist.xml; path = Info.plist; sourceTree = "<group>"; };
		9422B16D24E7FA0B00587C1D /* StoreKit.framework */ = {isa = PBXFileReference; lastKnownFileType = wrapper.framework; name = StoreKit.framework; path = System/Library/Frameworks/StoreKit.framework; sourceTree = SDKROOT; };
		9433503924A8A37500EBC680 /* PasswordGeneratorView.swift */ = {isa = PBXFileReference; lastKnownFileType = sourcecode.swift; path = PasswordGeneratorView.swift; sourceTree = "<group>"; };
		943981D924ED28C000266089 /* Haptics.swift */ = {isa = PBXFileReference; lastKnownFileType = sourcecode.swift; name = Haptics.swift; path = Umbriel/Haptics.swift; sourceTree = SOURCE_ROOT; };
		9440580724F2B72600EEFD1A /* iPadLaunchScreeen.storyboard */ = {isa = PBXFileReference; lastKnownFileType = file.storyboard; path = iPadLaunchScreeen.storyboard; sourceTree = "<group>"; };
		9440580B24F2BADB00EEFD1A /* MailView.swift */ = {isa = PBXFileReference; lastKnownFileType = sourcecode.swift; path = MailView.swift; sourceTree = "<group>"; };
		944B2D8824D9A17200B4D60F /* PasswordDetailView.swift */ = {isa = PBXFileReference; lastKnownFileType = sourcecode.swift; path = PasswordDetailView.swift; sourceTree = "<group>"; };
		946F80CC24928B6600C6C9B4 /* TestingPlayground.playground */ = {isa = PBXFileReference; lastKnownFileType = file.playground; path = TestingPlayground.playground; sourceTree = "<group>"; xcLanguageSpecificationIdentifier = xcode.lang.swift; };
		9491405E24D84EFE005785E2 /* Umbriel.entitlements */ = {isa = PBXFileReference; lastKnownFileType = text.plist.entitlements; path = Umbriel.entitlements; sourceTree = "<group>"; };
		9491405F24D84F05005785E2 /* CloudKit.framework */ = {isa = PBXFileReference; lastKnownFileType = wrapper.framework; name = CloudKit.framework; path = System/Library/Frameworks/CloudKit.framework; sourceTree = SDKROOT; };
		9492157824A6019600E6F956 /* InfoView.swift */ = {isa = PBXFileReference; lastKnownFileType = sourcecode.swift; path = InfoView.swift; sourceTree = "<group>"; };
		94B3630624CB1A6C005C67A3 /* VaultView.swift */ = {isa = PBXFileReference; lastKnownFileType = sourcecode.swift; path = VaultView.swift; sourceTree = "<group>"; };
		94B3630824CB27CD005C67A3 /* VaultExtensions.swift */ = {isa = PBXFileReference; lastKnownFileType = sourcecode.swift; path = VaultExtensions.swift; sourceTree = "<group>"; };
		94C2563A24F11A1B0093F491 /* NotificationBannerView.swift */ = {isa = PBXFileReference; lastKnownFileType = sourcecode.swift; path = NotificationBannerView.swift; sourceTree = "<group>"; };
		94E774C22497D6D100F15797 /* PasswordStrengthLogic.swift */ = {isa = PBXFileReference; lastKnownFileType = sourcecode.swift; path = PasswordStrengthLogic.swift; sourceTree = "<group>"; };
		94FAF6C8249230E200E2E6A2 /* WaveView.swift */ = {isa = PBXFileReference; lastKnownFileType = sourcecode.swift; path = WaveView.swift; sourceTree = "<group>"; };
		BED8365A291687BA270A7BAE /* Pods-Umbriel-UmbrielUITests.release.xcconfig */ = {isa = PBXFileReference; includeInIndex = 1; lastKnownFileType = text.xcconfig; name = "Pods-Umbriel-UmbrielUITests.release.xcconfig"; path = "Target Support Files/Pods-Umbriel-UmbrielUITests/Pods-Umbriel-UmbrielUITests.release.xcconfig"; sourceTree = "<group>"; };
		DBD5E8C092FE0D43C886D94A /* Pods-Umbriel.release.xcconfig */ = {isa = PBXFileReference; includeInIndex = 1; lastKnownFileType = text.xcconfig; name = "Pods-Umbriel.release.xcconfig"; path = "Target Support Files/Pods-Umbriel/Pods-Umbriel.release.xcconfig"; sourceTree = "<group>"; };
/* End PBXFileReference section */

/* Begin PBXFrameworksBuildPhase section */
		940D0258247D5C1D00E17095 /* Frameworks */ = {
			isa = PBXFrameworksBuildPhase;
			buildActionMask = 2147483647;
			files = (
				9422B16E24E7FA0B00587C1D /* StoreKit.framework in Frameworks */,
				9491406024D84F05005785E2 /* CloudKit.framework in Frameworks */,
				E1AAD7EBE5BDE20C277104F1 /* Pods_Umbriel.framework in Frameworks */,
			);
			runOnlyForDeploymentPostprocessing = 0;
		};
		940D0271247D5C1E00E17095 /* Frameworks */ = {
			isa = PBXFrameworksBuildPhase;
			buildActionMask = 2147483647;
			files = (
				B5408CF64E819128ECDB8A30 /* Pods_UmbrielTests.framework in Frameworks */,
			);
			runOnlyForDeploymentPostprocessing = 0;
		};
		940D027C247D5C1E00E17095 /* Frameworks */ = {
			isa = PBXFrameworksBuildPhase;
			buildActionMask = 2147483647;
			files = (
				4AE1AD90FB1C34B128C2D5EC /* Pods_Umbriel_UmbrielUITests.framework in Frameworks */,
			);
			runOnlyForDeploymentPostprocessing = 0;
		};
/* End PBXFrameworksBuildPhase section */

/* Begin PBXGroup section */
		940D0252247D5C1D00E17095 = {
			isa = PBXGroup;
			children = (
				940D025D247D5C1D00E17095 /* Umbriel */,
				940D0277247D5C1E00E17095 /* UmbrielTests */,
				940D0282247D5C1E00E17095 /* UmbrielUITests */,
				940D025C247D5C1D00E17095 /* Products */,
				949E10D2249D50C4000F782F /* Frameworks */,
				D6B8D1FE79CC58891D63646F /* Pods */,
			);
			sourceTree = "<group>";
		};
		940D025C247D5C1D00E17095 /* Products */ = {
			isa = PBXGroup;
			children = (
				940D025B247D5C1D00E17095 /* Umbriel.app */,
				940D0274247D5C1E00E17095 /* UmbrielTests.xctest */,
				940D027F247D5C1E00E17095 /* UmbrielUITests.xctest */,
			);
			name = Products;
			sourceTree = "<group>";
		};
		940D025D247D5C1D00E17095 /* Umbriel */ = {
			isa = PBXGroup;
			children = (
				9491405E24D84EFE005785E2 /* Umbriel.entitlements */,
				94C2FDAB24B8C12D00E83BF0 /* Models */,
				94C2FDAA24B8C10300E83BF0 /* Views */,
				940D025E247D5C1D00E17095 /* AppDelegate.swift */,
				943981D924ED28C000266089 /* Haptics.swift */,
				940D0260247D5C1D00E17095 /* SceneDelegate.swift */,
				94B3630824CB27CD005C67A3 /* VaultExtensions.swift */,
				946F80CC24928B6600C6C9B4 /* TestingPlayground.playground */,
				940D0267247D5C1E00E17095 /* Assets.xcassets */,
				940D026C247D5C1E00E17095 /* LaunchScreen.storyboard */,
				9440580724F2B72600EEFD1A /* iPadLaunchScreeen.storyboard */,
				940D026F247D5C1E00E17095 /* Info.plist */,
				940D0262247D5C1D00E17095 /* Umbriel.xcdatamodeld */,
				940D0269247D5C1E00E17095 /* Preview Content */,
			);
			path = Umbriel;
			sourceTree = "<group>";
		};
		940D0269247D5C1E00E17095 /* Preview Content */ = {
			isa = PBXGroup;
			children = (
				940D026A247D5C1E00E17095 /* Preview Assets.xcassets */,
			);
			path = "Preview Content";
			sourceTree = "<group>";
		};
		940D0277247D5C1E00E17095 /* UmbrielTests */ = {
			isa = PBXGroup;
			children = (
				940D0278247D5C1E00E17095 /* UmbrielTests.swift */,
				940D027A247D5C1E00E17095 /* Info.plist */,
			);
			path = UmbrielTests;
			sourceTree = "<group>";
		};
		940D0282247D5C1E00E17095 /* UmbrielUITests */ = {
			isa = PBXGroup;
			children = (
				940D0283247D5C1E00E17095 /* UmbrielUITests.swift */,
				940D0285247D5C1E00E17095 /* Info.plist */,
			);
			path = UmbrielUITests;
			sourceTree = "<group>";
		};
		949E10D2249D50C4000F782F /* Frameworks */ = {
			isa = PBXGroup;
			children = (
				9422B16D24E7FA0B00587C1D /* StoreKit.framework */,
				9491405F24D84F05005785E2 /* CloudKit.framework */,
				432F8428075ECB0A398DE06A /* Pods_Umbriel.framework */,
				10DCE73CB2881838687266B4 /* Pods_Umbriel_UmbrielUITests.framework */,
				3BFFD56E9AD6AB5B77C3DE0E /* Pods_UmbrielTests.framework */,
			);
			name = Frameworks;
			sourceTree = "<group>";
		};
		94C2FDAA24B8C10300E83BF0 /* Views */ = {
			isa = PBXGroup;
			children = (
				940D0265247D5C1D00E17095 /* ContentView.swift */,
				9440580B24F2BADB00EEFD1A /* MailView.swift */,
				9492157824A6019600E6F956 /* InfoView.swift */,
				94C2563A24F11A1B0093F491 /* NotificationBannerView.swift */,
				944B2D8824D9A17200B4D60F /* PasswordDetailView.swift */,
				9433503924A8A37500EBC680 /* PasswordGeneratorView.swift */,
				94B3630624CB1A6C005C67A3 /* VaultView.swift */,
				94FAF6C8249230E200E2E6A2 /* WaveView.swift */,
			);
			path = Views;
			sourceTree = "<group>";
		};
		94C2FDAB24B8C12D00E83BF0 /* Models */ = {
			isa = PBXGroup;
			children = (
				94E774C22497D6D100F15797 /* PasswordStrengthLogic.swift */,
			);
			path = Models;
			sourceTree = "<group>";
		};
		D6B8D1FE79CC58891D63646F /* Pods */ = {
			isa = PBXGroup;
			children = (
				6BBBCFF6986CF3AC7A0E717A /* Pods-Umbriel.debug.xcconfig */,
				DBD5E8C092FE0D43C886D94A /* Pods-Umbriel.release.xcconfig */,
				7CBA628DDC1F7C49A3D7389B /* Pods-Umbriel-UmbrielUITests.debug.xcconfig */,
				BED8365A291687BA270A7BAE /* Pods-Umbriel-UmbrielUITests.release.xcconfig */,
				1A96C1C9D209603B7BA25700 /* Pods-UmbrielTests.debug.xcconfig */,
				21A270936CCB2357215FC818 /* Pods-UmbrielTests.release.xcconfig */,
			);
			path = Pods;
			sourceTree = "<group>";
		};
/* End PBXGroup section */

/* Begin PBXNativeTarget section */
		940D025A247D5C1D00E17095 /* Umbriel */ = {
			isa = PBXNativeTarget;
			buildConfigurationList = 940D0288247D5C1E00E17095 /* Build configuration list for PBXNativeTarget "Umbriel" */;
			buildPhases = (
				7C7B566435BAFD5A209EB9B0 /* [CP] Check Pods Manifest.lock */,
				940D0257247D5C1D00E17095 /* Sources */,
				940D0258247D5C1D00E17095 /* Frameworks */,
				940D0259247D5C1D00E17095 /* Resources */,
				F961BFD08670E507B6A5EA9B /* [CP] Embed Pods Frameworks */,
			);
			buildRules = (
			);
			dependencies = (
			);
			name = Umbriel;
			packageProductDependencies = (
			);
			productName = Umbriel;
			productReference = 940D025B247D5C1D00E17095 /* Umbriel.app */;
			productType = "com.apple.product-type.application";
		};
		940D0273247D5C1E00E17095 /* UmbrielTests */ = {
			isa = PBXNativeTarget;
			buildConfigurationList = 940D028B247D5C1E00E17095 /* Build configuration list for PBXNativeTarget "UmbrielTests" */;
			buildPhases = (
				702E9687EE3808E76DBCD504 /* [CP] Check Pods Manifest.lock */,
				940D0270247D5C1E00E17095 /* Sources */,
				940D0271247D5C1E00E17095 /* Frameworks */,
				940D0272247D5C1E00E17095 /* Resources */,
			);
			buildRules = (
			);
			dependencies = (
				940D0276247D5C1E00E17095 /* PBXTargetDependency */,
			);
			name = UmbrielTests;
			productName = UmbrielTests;
			productReference = 940D0274247D5C1E00E17095 /* UmbrielTests.xctest */;
			productType = "com.apple.product-type.bundle.unit-test";
		};
		940D027E247D5C1E00E17095 /* UmbrielUITests */ = {
			isa = PBXNativeTarget;
			buildConfigurationList = 940D028E247D5C1E00E17095 /* Build configuration list for PBXNativeTarget "UmbrielUITests" */;
			buildPhases = (
				E3928BD58A8B810C5774E8E3 /* [CP] Check Pods Manifest.lock */,
				940D027B247D5C1E00E17095 /* Sources */,
				940D027C247D5C1E00E17095 /* Frameworks */,
				940D027D247D5C1E00E17095 /* Resources */,
				FBB9A097040FC3BA82BB0F21 /* [CP] Embed Pods Frameworks */,
			);
			buildRules = (
			);
			dependencies = (
				940D0281247D5C1E00E17095 /* PBXTargetDependency */,
			);
			name = UmbrielUITests;
			productName = UmbrielUITests;
			productReference = 940D027F247D5C1E00E17095 /* UmbrielUITests.xctest */;
			productType = "com.apple.product-type.bundle.ui-testing";
		};
/* End PBXNativeTarget section */

/* Begin PBXProject section */
		940D0253247D5C1D00E17095 /* Project object */ = {
			isa = PBXProject;
			attributes = {
				LastSwiftUpdateCheck = 1150;
				LastUpgradeCheck = 1150;
				ORGANIZATIONNAME = "Ryan Mottram";
				TargetAttributes = {
					940D025A247D5C1D00E17095 = {
						CreatedOnToolsVersion = 11.5;
					};
					940D0273247D5C1E00E17095 = {
						CreatedOnToolsVersion = 11.5;
						TestTargetID = 940D025A247D5C1D00E17095;
					};
					940D027E247D5C1E00E17095 = {
						CreatedOnToolsVersion = 11.5;
						TestTargetID = 940D025A247D5C1D00E17095;
					};
				};
			};
			buildConfigurationList = 940D0256247D5C1D00E17095 /* Build configuration list for PBXProject "Umbriel" */;
			compatibilityVersion = "Xcode 9.3";
			developmentRegion = en;
			hasScannedForEncodings = 0;
			knownRegions = (
				en,
				Base,
			);
			mainGroup = 940D0252247D5C1D00E17095;
			packageReferences = (
			);
			productRefGroup = 940D025C247D5C1D00E17095 /* Products */;
			projectDirPath = "";
			projectRoot = "";
			targets = (
				940D025A247D5C1D00E17095 /* Umbriel */,
				940D0273247D5C1E00E17095 /* UmbrielTests */,
				940D027E247D5C1E00E17095 /* UmbrielUITests */,
			);
		};
/* End PBXProject section */

/* Begin PBXResourcesBuildPhase section */
		940D0259247D5C1D00E17095 /* Resources */ = {
			isa = PBXResourcesBuildPhase;
			buildActionMask = 2147483647;
			files = (
				940D026E247D5C1E00E17095 /* LaunchScreen.storyboard in Resources */,
				9440580824F2B72600EEFD1A /* iPadLaunchScreeen.storyboard in Resources */,
				940D026B247D5C1E00E17095 /* Preview Assets.xcassets in Resources */,
				940D0268247D5C1E00E17095 /* Assets.xcassets in Resources */,
			);
			runOnlyForDeploymentPostprocessing = 0;
		};
		940D0272247D5C1E00E17095 /* Resources */ = {
			isa = PBXResourcesBuildPhase;
			buildActionMask = 2147483647;
			files = (
			);
			runOnlyForDeploymentPostprocessing = 0;
		};
		940D027D247D5C1E00E17095 /* Resources */ = {
			isa = PBXResourcesBuildPhase;
			buildActionMask = 2147483647;
			files = (
			);
			runOnlyForDeploymentPostprocessing = 0;
		};
/* End PBXResourcesBuildPhase section */

/* Begin PBXShellScriptBuildPhase section */
		702E9687EE3808E76DBCD504 /* [CP] Check Pods Manifest.lock */ = {
			isa = PBXShellScriptBuildPhase;
			buildActionMask = 2147483647;
			files = (
			);
			inputFileListPaths = (
			);
			inputPaths = (
				"${PODS_PODFILE_DIR_PATH}/Podfile.lock",
				"${PODS_ROOT}/Manifest.lock",
			);
			name = "[CP] Check Pods Manifest.lock";
			outputFileListPaths = (
			);
			outputPaths = (
				"$(DERIVED_FILE_DIR)/Pods-UmbrielTests-checkManifestLockResult.txt",
			);
			runOnlyForDeploymentPostprocessing = 0;
			shellPath = /bin/sh;
			shellScript = "diff \"${PODS_PODFILE_DIR_PATH}/Podfile.lock\" \"${PODS_ROOT}/Manifest.lock\" > /dev/null\nif [ $? != 0 ] ; then\n    # print error to STDERR\n    echo \"error: The sandbox is not in sync with the Podfile.lock. Run 'pod install' or update your CocoaPods installation.\" >&2\n    exit 1\nfi\n# This output is used by Xcode 'outputs' to avoid re-running this script phase.\necho \"SUCCESS\" > \"${SCRIPT_OUTPUT_FILE_0}\"\n";
			showEnvVarsInLog = 0;
		};
		7C7B566435BAFD5A209EB9B0 /* [CP] Check Pods Manifest.lock */ = {
			isa = PBXShellScriptBuildPhase;
			buildActionMask = 2147483647;
			files = (
			);
			inputFileListPaths = (
			);
			inputPaths = (
				"${PODS_PODFILE_DIR_PATH}/Podfile.lock",
				"${PODS_ROOT}/Manifest.lock",
			);
			name = "[CP] Check Pods Manifest.lock";
			outputFileListPaths = (
			);
			outputPaths = (
				"$(DERIVED_FILE_DIR)/Pods-Umbriel-checkManifestLockResult.txt",
			);
			runOnlyForDeploymentPostprocessing = 0;
			shellPath = /bin/sh;
			shellScript = "diff \"${PODS_PODFILE_DIR_PATH}/Podfile.lock\" \"${PODS_ROOT}/Manifest.lock\" > /dev/null\nif [ $? != 0 ] ; then\n    # print error to STDERR\n    echo \"error: The sandbox is not in sync with the Podfile.lock. Run 'pod install' or update your CocoaPods installation.\" >&2\n    exit 1\nfi\n# This output is used by Xcode 'outputs' to avoid re-running this script phase.\necho \"SUCCESS\" > \"${SCRIPT_OUTPUT_FILE_0}\"\n";
			showEnvVarsInLog = 0;
		};
		E3928BD58A8B810C5774E8E3 /* [CP] Check Pods Manifest.lock */ = {
			isa = PBXShellScriptBuildPhase;
			buildActionMask = 2147483647;
			files = (
			);
			inputFileListPaths = (
			);
			inputPaths = (
				"${PODS_PODFILE_DIR_PATH}/Podfile.lock",
				"${PODS_ROOT}/Manifest.lock",
			);
			name = "[CP] Check Pods Manifest.lock";
			outputFileListPaths = (
			);
			outputPaths = (
				"$(DERIVED_FILE_DIR)/Pods-Umbriel-UmbrielUITests-checkManifestLockResult.txt",
			);
			runOnlyForDeploymentPostprocessing = 0;
			shellPath = /bin/sh;
			shellScript = "diff \"${PODS_PODFILE_DIR_PATH}/Podfile.lock\" \"${PODS_ROOT}/Manifest.lock\" > /dev/null\nif [ $? != 0 ] ; then\n    # print error to STDERR\n    echo \"error: The sandbox is not in sync with the Podfile.lock. Run 'pod install' or update your CocoaPods installation.\" >&2\n    exit 1\nfi\n# This output is used by Xcode 'outputs' to avoid re-running this script phase.\necho \"SUCCESS\" > \"${SCRIPT_OUTPUT_FILE_0}\"\n";
			showEnvVarsInLog = 0;
		};
		F961BFD08670E507B6A5EA9B /* [CP] Embed Pods Frameworks */ = {
			isa = PBXShellScriptBuildPhase;
			buildActionMask = 2147483647;
			files = (
			);
			inputFileListPaths = (
				"${PODS_ROOT}/Target Support Files/Pods-Umbriel/Pods-Umbriel-frameworks-${CONFIGURATION}-input-files.xcfilelist",
			);
			name = "[CP] Embed Pods Frameworks";
			outputFileListPaths = (
				"${PODS_ROOT}/Target Support Files/Pods-Umbriel/Pods-Umbriel-frameworks-${CONFIGURATION}-output-files.xcfilelist",
			);
			runOnlyForDeploymentPostprocessing = 0;
			shellPath = /bin/sh;
			shellScript = "\"${PODS_ROOT}/Target Support Files/Pods-Umbriel/Pods-Umbriel-frameworks.sh\"\n";
			showEnvVarsInLog = 0;
		};
		FBB9A097040FC3BA82BB0F21 /* [CP] Embed Pods Frameworks */ = {
			isa = PBXShellScriptBuildPhase;
			buildActionMask = 2147483647;
			files = (
			);
			inputFileListPaths = (
				"${PODS_ROOT}/Target Support Files/Pods-Umbriel-UmbrielUITests/Pods-Umbriel-UmbrielUITests-frameworks-${CONFIGURATION}-input-files.xcfilelist",
			);
			name = "[CP] Embed Pods Frameworks";
			outputFileListPaths = (
				"${PODS_ROOT}/Target Support Files/Pods-Umbriel-UmbrielUITests/Pods-Umbriel-UmbrielUITests-frameworks-${CONFIGURATION}-output-files.xcfilelist",
			);
			runOnlyForDeploymentPostprocessing = 0;
			shellPath = /bin/sh;
			shellScript = "\"${PODS_ROOT}/Target Support Files/Pods-Umbriel-UmbrielUITests/Pods-Umbriel-UmbrielUITests-frameworks.sh\"\n";
			showEnvVarsInLog = 0;
		};
/* End PBXShellScriptBuildPhase section */

/* Begin PBXSourcesBuildPhase section */
		940D0257247D5C1D00E17095 /* Sources */ = {
			isa = PBXSourcesBuildPhase;
			buildActionMask = 2147483647;
			files = (
				944B2D8924D9A17200B4D60F /* PasswordDetailView.swift in Sources */,
				9492157924A6019600E6F956 /* InfoView.swift in Sources */,
				94B3630724CB1A6C005C67A3 /* VaultView.swift in Sources */,
				94E774C32497D6D100F15797 /* PasswordStrengthLogic.swift in Sources */,
				9433503A24A8A37500EBC680 /* PasswordGeneratorView.swift in Sources */,
				9440580C24F2BADB00EEFD1A /* MailView.swift in Sources */,
				94C2563B24F11A1B0093F491 /* NotificationBannerView.swift in Sources */,
				94B3630924CB27CD005C67A3 /* VaultExtensions.swift in Sources */,
				940D025F247D5C1D00E17095 /* AppDelegate.swift in Sources */,
				943981DA24ED28C000266089 /* Haptics.swift in Sources */,
				94FAF6C9249230E200E2E6A2 /* WaveView.swift in Sources */,
				940D0261247D5C1D00E17095 /* SceneDelegate.swift in Sources */,
				940D0266247D5C1D00E17095 /* ContentView.swift in Sources */,
				940D0264247D5C1D00E17095 /* Umbriel.xcdatamodeld in Sources */,
			);
			runOnlyForDeploymentPostprocessing = 0;
		};
		940D0270247D5C1E00E17095 /* Sources */ = {
			isa = PBXSourcesBuildPhase;
			buildActionMask = 2147483647;
			files = (
				940D0279247D5C1E00E17095 /* UmbrielTests.swift in Sources */,
			);
			runOnlyForDeploymentPostprocessing = 0;
		};
		940D027B247D5C1E00E17095 /* Sources */ = {
			isa = PBXSourcesBuildPhase;
			buildActionMask = 2147483647;
			files = (
				940D0284247D5C1E00E17095 /* UmbrielUITests.swift in Sources */,
			);
			runOnlyForDeploymentPostprocessing = 0;
		};
/* End PBXSourcesBuildPhase section */

/* Begin PBXTargetDependency section */
		940D0276247D5C1E00E17095 /* PBXTargetDependency */ = {
			isa = PBXTargetDependency;
			target = 940D025A247D5C1D00E17095 /* Umbriel */;
			targetProxy = 940D0275247D5C1E00E17095 /* PBXContainerItemProxy */;
		};
		940D0281247D5C1E00E17095 /* PBXTargetDependency */ = {
			isa = PBXTargetDependency;
			target = 940D025A247D5C1D00E17095 /* Umbriel */;
			targetProxy = 940D0280247D5C1E00E17095 /* PBXContainerItemProxy */;
		};
/* End PBXTargetDependency section */

/* Begin PBXVariantGroup section */
		940D026C247D5C1E00E17095 /* LaunchScreen.storyboard */ = {
			isa = PBXVariantGroup;
			children = (
				940D026D247D5C1E00E17095 /* Base */,
			);
			name = LaunchScreen.storyboard;
			sourceTree = "<group>";
		};
/* End PBXVariantGroup section */

/* Begin XCBuildConfiguration section */
		940D0286247D5C1E00E17095 /* Debug */ = {
			isa = XCBuildConfiguration;
			buildSettings = {
				ALWAYS_SEARCH_USER_PATHS = NO;
				CLANG_ANALYZER_NONNULL = YES;
				CLANG_ANALYZER_NUMBER_OBJECT_CONVERSION = YES_AGGRESSIVE;
				CLANG_CXX_LANGUAGE_STANDARD = "gnu++14";
				CLANG_CXX_LIBRARY = "libc++";
				CLANG_ENABLE_MODULES = YES;
				CLANG_ENABLE_OBJC_ARC = YES;
				CLANG_ENABLE_OBJC_WEAK = YES;
				CLANG_WARN_BLOCK_CAPTURE_AUTORELEASING = YES;
				CLANG_WARN_BOOL_CONVERSION = YES;
				CLANG_WARN_COMMA = YES;
				CLANG_WARN_CONSTANT_CONVERSION = YES;
				CLANG_WARN_DEPRECATED_OBJC_IMPLEMENTATIONS = YES;
				CLANG_WARN_DIRECT_OBJC_ISA_USAGE = YES_ERROR;
				CLANG_WARN_DOCUMENTATION_COMMENTS = YES;
				CLANG_WARN_EMPTY_BODY = YES;
				CLANG_WARN_ENUM_CONVERSION = YES;
				CLANG_WARN_INFINITE_RECURSION = YES;
				CLANG_WARN_INT_CONVERSION = YES;
				CLANG_WARN_NON_LITERAL_NULL_CONVERSION = YES;
				CLANG_WARN_OBJC_IMPLICIT_RETAIN_SELF = YES;
				CLANG_WARN_OBJC_LITERAL_CONVERSION = YES;
				CLANG_WARN_OBJC_ROOT_CLASS = YES_ERROR;
				CLANG_WARN_RANGE_LOOP_ANALYSIS = YES;
				CLANG_WARN_STRICT_PROTOTYPES = YES;
				CLANG_WARN_SUSPICIOUS_MOVE = YES;
				CLANG_WARN_UNGUARDED_AVAILABILITY = YES_AGGRESSIVE;
				CLANG_WARN_UNREACHABLE_CODE = YES;
				CLANG_WARN__DUPLICATE_METHOD_MATCH = YES;
				COPY_PHASE_STRIP = NO;
				DEBUG_INFORMATION_FORMAT = dwarf;
				ENABLE_STRICT_OBJC_MSGSEND = YES;
				ENABLE_TESTABILITY = YES;
				GCC_C_LANGUAGE_STANDARD = gnu11;
				GCC_DYNAMIC_NO_PIC = NO;
				GCC_NO_COMMON_BLOCKS = YES;
				GCC_OPTIMIZATION_LEVEL = 0;
				GCC_PREPROCESSOR_DEFINITIONS = (
					"DEBUG=1",
					"$(inherited)",
				);
				GCC_WARN_64_TO_32_BIT_CONVERSION = YES;
				GCC_WARN_ABOUT_RETURN_TYPE = YES_ERROR;
				GCC_WARN_UNDECLARED_SELECTOR = YES;
				GCC_WARN_UNINITIALIZED_AUTOS = YES_AGGRESSIVE;
				GCC_WARN_UNUSED_FUNCTION = YES;
				GCC_WARN_UNUSED_VARIABLE = YES;
				IPHONEOS_DEPLOYMENT_TARGET = 13.0;
				MTL_ENABLE_DEBUG_INFO = INCLUDE_SOURCE;
				MTL_FAST_MATH = YES;
				ONLY_ACTIVE_ARCH = YES;
				SDKROOT = iphoneos;
				SWIFT_ACTIVE_COMPILATION_CONDITIONS = DEBUG;
				SWIFT_OPTIMIZATION_LEVEL = "-Onone";
			};
			name = Debug;
		};
		940D0287247D5C1E00E17095 /* Release */ = {
			isa = XCBuildConfiguration;
			buildSettings = {
				ALWAYS_SEARCH_USER_PATHS = NO;
				CLANG_ANALYZER_NONNULL = YES;
				CLANG_ANALYZER_NUMBER_OBJECT_CONVERSION = YES_AGGRESSIVE;
				CLANG_CXX_LANGUAGE_STANDARD = "gnu++14";
				CLANG_CXX_LIBRARY = "libc++";
				CLANG_ENABLE_MODULES = YES;
				CLANG_ENABLE_OBJC_ARC = YES;
				CLANG_ENABLE_OBJC_WEAK = YES;
				CLANG_WARN_BLOCK_CAPTURE_AUTORELEASING = YES;
				CLANG_WARN_BOOL_CONVERSION = YES;
				CLANG_WARN_COMMA = YES;
				CLANG_WARN_CONSTANT_CONVERSION = YES;
				CLANG_WARN_DEPRECATED_OBJC_IMPLEMENTATIONS = YES;
				CLANG_WARN_DIRECT_OBJC_ISA_USAGE = YES_ERROR;
				CLANG_WARN_DOCUMENTATION_COMMENTS = YES;
				CLANG_WARN_EMPTY_BODY = YES;
				CLANG_WARN_ENUM_CONVERSION = YES;
				CLANG_WARN_INFINITE_RECURSION = YES;
				CLANG_WARN_INT_CONVERSION = YES;
				CLANG_WARN_NON_LITERAL_NULL_CONVERSION = YES;
				CLANG_WARN_OBJC_IMPLICIT_RETAIN_SELF = YES;
				CLANG_WARN_OBJC_LITERAL_CONVERSION = YES;
				CLANG_WARN_OBJC_ROOT_CLASS = YES_ERROR;
				CLANG_WARN_RANGE_LOOP_ANALYSIS = YES;
				CLANG_WARN_STRICT_PROTOTYPES = YES;
				CLANG_WARN_SUSPICIOUS_MOVE = YES;
				CLANG_WARN_UNGUARDED_AVAILABILITY = YES_AGGRESSIVE;
				CLANG_WARN_UNREACHABLE_CODE = YES;
				CLANG_WARN__DUPLICATE_METHOD_MATCH = YES;
				COPY_PHASE_STRIP = NO;
				DEBUG_INFORMATION_FORMAT = "dwarf-with-dsym";
				ENABLE_NS_ASSERTIONS = NO;
				ENABLE_STRICT_OBJC_MSGSEND = YES;
				GCC_C_LANGUAGE_STANDARD = gnu11;
				GCC_NO_COMMON_BLOCKS = YES;
				GCC_WARN_64_TO_32_BIT_CONVERSION = YES;
				GCC_WARN_ABOUT_RETURN_TYPE = YES_ERROR;
				GCC_WARN_UNDECLARED_SELECTOR = YES;
				GCC_WARN_UNINITIALIZED_AUTOS = YES_AGGRESSIVE;
				GCC_WARN_UNUSED_FUNCTION = YES;
				GCC_WARN_UNUSED_VARIABLE = YES;
				IPHONEOS_DEPLOYMENT_TARGET = 13.0;
				MTL_ENABLE_DEBUG_INFO = NO;
				MTL_FAST_MATH = YES;
				SDKROOT = iphoneos;
				SWIFT_COMPILATION_MODE = wholemodule;
				SWIFT_OPTIMIZATION_LEVEL = "-O";
				VALIDATE_PRODUCT = YES;
			};
			name = Release;
		};
		940D0289247D5C1E00E17095 /* Debug */ = {
			isa = XCBuildConfiguration;
			baseConfigurationReference = 6BBBCFF6986CF3AC7A0E717A /* Pods-Umbriel.debug.xcconfig */;
			buildSettings = {
				ASSETCATALOG_COMPILER_APPICON_NAME = AppIcon;
				CODE_SIGN_ENTITLEMENTS = Umbriel/Umbriel.entitlements;
				CODE_SIGN_IDENTITY = "Apple Development";
				CODE_SIGN_STYLE = Automatic;
				CURRENT_PROJECT_VERSION = 1;
				DEVELOPMENT_ASSET_PATHS = "\"Umbriel/Preview Content\"";
				DEVELOPMENT_TEAM = LBVLR48R2V;
				ENABLE_PREVIEWS = YES;
				INFOPLIST_FILE = Umbriel/Info.plist;
				IPHONEOS_DEPLOYMENT_TARGET = 13.0;
				LD_RUNPATH_SEARCH_PATHS = (
					"$(inherited)",
					"@executable_path/Frameworks",
				);
				MARKETING_VERSION = 1.4;
				PRODUCT_BUNDLE_IDENTIFIER = com.ryanmottram.Umbriel;
				PRODUCT_NAME = "$(TARGET_NAME)";
				PROVISIONING_PROFILE_SPECIFIER = "";
				SWIFT_VERSION = 5.0;
				TARGETED_DEVICE_FAMILY = "1,2";
			};
			name = Debug;
		};
		940D028A247D5C1E00E17095 /* Release */ = {
			isa = XCBuildConfiguration;
			baseConfigurationReference = DBD5E8C092FE0D43C886D94A /* Pods-Umbriel.release.xcconfig */;
			buildSettings = {
				ASSETCATALOG_COMPILER_APPICON_NAME = AppIcon;
				CODE_SIGN_ENTITLEMENTS = Umbriel/Umbriel.entitlements;
				CODE_SIGN_IDENTITY = "Apple Development";
				CODE_SIGN_STYLE = Automatic;
				CURRENT_PROJECT_VERSION = 1;
				DEVELOPMENT_ASSET_PATHS = "\"Umbriel/Preview Content\"";
				DEVELOPMENT_TEAM = LBVLR48R2V;
				ENABLE_PREVIEWS = YES;
				INFOPLIST_FILE = Umbriel/Info.plist;
				IPHONEOS_DEPLOYMENT_TARGET = 13.0;
				LD_RUNPATH_SEARCH_PATHS = (
					"$(inherited)",
					"@executable_path/Frameworks",
				);
				MARKETING_VERSION = 1.4;
				PRODUCT_BUNDLE_IDENTIFIER = com.ryanmottram.Umbriel;
				PRODUCT_NAME = "$(TARGET_NAME)";
				PROVISIONING_PROFILE_SPECIFIER = "";
				SWIFT_VERSION = 5.0;
				TARGETED_DEVICE_FAMILY = "1,2";
			};
			name = Release;
		};
		940D028C247D5C1E00E17095 /* Debug */ = {
			isa = XCBuildConfiguration;
			baseConfigurationReference = 1A96C1C9D209603B7BA25700 /* Pods-UmbrielTests.debug.xcconfig */;
			buildSettings = {
				ALWAYS_EMBED_SWIFT_STANDARD_LIBRARIES = YES;
				BUNDLE_LOADER = "$(TEST_HOST)";
				CODE_SIGN_STYLE = Automatic;
				DEVELOPMENT_TEAM = LBVLR48R2V;
				INFOPLIST_FILE = UmbrielTests/Info.plist;
				IPHONEOS_DEPLOYMENT_TARGET = 13.5;
				LD_RUNPATH_SEARCH_PATHS = (
					"$(inherited)",
					"@executable_path/Frameworks",
					"@loader_path/Frameworks",
				);
				PRODUCT_BUNDLE_IDENTIFIER = com.ryanmottram.UmbrielTests;
				PRODUCT_NAME = "$(TARGET_NAME)";
				SWIFT_VERSION = 5.0;
				TARGETED_DEVICE_FAMILY = "1,2";
				TEST_HOST = "$(BUILT_PRODUCTS_DIR)/Umbriel.app/Umbriel";
			};
			name = Debug;
		};
		940D028D247D5C1E00E17095 /* Release */ = {
			isa = XCBuildConfiguration;
			baseConfigurationReference = 21A270936CCB2357215FC818 /* Pods-UmbrielTests.release.xcconfig */;
			buildSettings = {
				ALWAYS_EMBED_SWIFT_STANDARD_LIBRARIES = YES;
				BUNDLE_LOADER = "$(TEST_HOST)";
				CODE_SIGN_STYLE = Automatic;
				DEVELOPMENT_TEAM = LBVLR48R2V;
				INFOPLIST_FILE = UmbrielTests/Info.plist;
				IPHONEOS_DEPLOYMENT_TARGET = 13.5;
				LD_RUNPATH_SEARCH_PATHS = (
					"$(inherited)",
					"@executable_path/Frameworks",
					"@loader_path/Frameworks",
				);
				PRODUCT_BUNDLE_IDENTIFIER = com.ryanmottram.UmbrielTests;
				PRODUCT_NAME = "$(TARGET_NAME)";
				SWIFT_VERSION = 5.0;
				TARGETED_DEVICE_FAMILY = "1,2";
				TEST_HOST = "$(BUILT_PRODUCTS_DIR)/Umbriel.app/Umbriel";
			};
			name = Release;
		};
		940D028F247D5C1E00E17095 /* Debug */ = {
			isa = XCBuildConfiguration;
			baseConfigurationReference = 7CBA628DDC1F7C49A3D7389B /* Pods-Umbriel-UmbrielUITests.debug.xcconfig */;
			buildSettings = {
				ALWAYS_EMBED_SWIFT_STANDARD_LIBRARIES = YES;
				CODE_SIGN_STYLE = Automatic;
				DEVELOPMENT_TEAM = LBVLR48R2V;
				INFOPLIST_FILE = UmbrielUITests/Info.plist;
				LD_RUNPATH_SEARCH_PATHS = (
					"$(inherited)",
					"@executable_path/Frameworks",
					"@loader_path/Frameworks",
				);
				PRODUCT_BUNDLE_IDENTIFIER = com.ryanmottram.UmbrielUITests;
				PRODUCT_NAME = "$(TARGET_NAME)";
				SWIFT_VERSION = 5.0;
				TARGETED_DEVICE_FAMILY = "1,2";
				TEST_TARGET_NAME = Umbriel;
			};
			name = Debug;
		};
		940D0290247D5C1E00E17095 /* Release */ = {
			isa = XCBuildConfiguration;
			baseConfigurationReference = BED8365A291687BA270A7BAE /* Pods-Umbriel-UmbrielUITests.release.xcconfig */;
			buildSettings = {
				ALWAYS_EMBED_SWIFT_STANDARD_LIBRARIES = YES;
				CODE_SIGN_STYLE = Automatic;
				DEVELOPMENT_TEAM = LBVLR48R2V;
				INFOPLIST_FILE = UmbrielUITests/Info.plist;
				LD_RUNPATH_SEARCH_PATHS = (
					"$(inherited)",
					"@executable_path/Frameworks",
					"@loader_path/Frameworks",
				);
				PRODUCT_BUNDLE_IDENTIFIER = com.ryanmottram.UmbrielUITests;
				PRODUCT_NAME = "$(TARGET_NAME)";
				SWIFT_VERSION = 5.0;
				TARGETED_DEVICE_FAMILY = "1,2";
				TEST_TARGET_NAME = Umbriel;
			};
			name = Release;
		};
/* End XCBuildConfiguration section */

/* Begin XCConfigurationList section */
		940D0256247D5C1D00E17095 /* Build configuration list for PBXProject "Umbriel" */ = {
			isa = XCConfigurationList;
			buildConfigurations = (
				940D0286247D5C1E00E17095 /* Debug */,
				940D0287247D5C1E00E17095 /* Release */,
			);
			defaultConfigurationIsVisible = 0;
			defaultConfigurationName = Release;
		};
		940D0288247D5C1E00E17095 /* Build configuration list for PBXNativeTarget "Umbriel" */ = {
			isa = XCConfigurationList;
			buildConfigurations = (
				940D0289247D5C1E00E17095 /* Debug */,
				940D028A247D5C1E00E17095 /* Release */,
			);
			defaultConfigurationIsVisible = 0;
			defaultConfigurationName = Release;
		};
		940D028B247D5C1E00E17095 /* Build configuration list for PBXNativeTarget "UmbrielTests" */ = {
			isa = XCConfigurationList;
			buildConfigurations = (
				940D028C247D5C1E00E17095 /* Debug */,
				940D028D247D5C1E00E17095 /* Release */,
			);
			defaultConfigurationIsVisible = 0;
			defaultConfigurationName = Release;
		};
		940D028E247D5C1E00E17095 /* Build configuration list for PBXNativeTarget "UmbrielUITests" */ = {
			isa = XCConfigurationList;
			buildConfigurations = (
				940D028F247D5C1E00E17095 /* Debug */,
				940D0290247D5C1E00E17095 /* Release */,
			);
			defaultConfigurationIsVisible = 0;
			defaultConfigurationName = Release;
		};
/* End XCConfigurationList section */

/* Begin XCVersionGroup section */
		940D0262247D5C1D00E17095 /* Umbriel.xcdatamodeld */ = {
			isa = XCVersionGroup;
			children = (
				940D0263247D5C1D00E17095 /* Umbriel.xcdatamodel */,
			);
			currentVersion = 940D0263247D5C1D00E17095 /* Umbriel.xcdatamodel */;
			path = Umbriel.xcdatamodeld;
			sourceTree = "<group>";
			versionGroupType = wrapper.xcdatamodel;
		};
/* End XCVersionGroup section */
	};
	rootObject = 940D0253247D5C1D00E17095 /* Project object */;
}
